// !$*UTF8*$!
{
	archiveVersion = 1;
	classes = {
	};
	objectVersion = 46;
	objects = {

/* Begin PBXBuildFile section */
		5716A95D1F937A4C00DCFC8E /* ViewControllerExtension.swift in Sources */ = {isa = PBXBuildFile; fileRef = 5716A95C1F937A4C00DCFC8E /* ViewControllerExtension.swift */; };
		572144C11FA6567200B8D3E0 /* MessageLoader.swift in Sources */ = {isa = PBXBuildFile; fileRef = 572144C01FA6567200B8D3E0 /* MessageLoader.swift */; };
		572144C31FA6568200B8D3E0 /* MessageParser.swift in Sources */ = {isa = PBXBuildFile; fileRef = 572144C21FA6568200B8D3E0 /* MessageParser.swift */; };
		572144C51FA6576800B8D3E0 /* MessageMaker.swift in Sources */ = {isa = PBXBuildFile; fileRef = 572144C41FA6576800B8D3E0 /* MessageMaker.swift */; };
		572563391F8A250300767457 /* ConversationViewController.swift in Sources */ = {isa = PBXBuildFile; fileRef = 572563381F8A250300767457 /* ConversationViewController.swift */; };
		5780C9031F9CAADB009BCD51 /* ConversationView.storyboard in Resources */ = {isa = PBXBuildFile; fileRef = 5780C9011F9CAADB009BCD51 /* ConversationView.storyboard */; };
		578D68201FA609D40055C6BB /* URLExtension.swift in Sources */ = {isa = PBXBuildFile; fileRef = 578D681F1FA609D40055C6BB /* URLExtension.swift */; };
		578D68261FA60AFC0055C6BB /* GCDDataManager.swift in Sources */ = {isa = PBXBuildFile; fileRef = 578D68221FA60AFC0055C6BB /* GCDDataManager.swift */; };
		578D68271FA60AFC0055C6BB /* OperationDataManager..swift in Sources */ = {isa = PBXBuildFile; fileRef = 578D68231FA60AFC0055C6BB /* OperationDataManager..swift */; };
		578D68281FA60AFC0055C6BB /* ProfileData.swift in Sources */ = {isa = PBXBuildFile; fileRef = 578D68241FA60AFC0055C6BB /* ProfileData.swift */; };
		578D68291FA60AFC0055C6BB /* SaveProfileProtocol.swift in Sources */ = {isa = PBXBuildFile; fileRef = 578D68251FA60AFC0055C6BB /* SaveProfileProtocol.swift */; };
		578D68311FA60B030055C6BB /* Communicator.swift in Sources */ = {isa = PBXBuildFile; fileRef = 578D682B1FA60B030055C6BB /* Communicator.swift */; };
		578D68321FA60B030055C6BB /* ConversationElement.swift in Sources */ = {isa = PBXBuildFile; fileRef = 578D682C1FA60B030055C6BB /* ConversationElement.swift */; };
		578D68351FA60B030055C6BB /* MessageElement.swift in Sources */ = {isa = PBXBuildFile; fileRef = 578D682F1FA60B030055C6BB /* MessageElement.swift */; };
		578D68361FA60B030055C6BB /* MultipeerCommunicator.swift in Sources */ = {isa = PBXBuildFile; fileRef = 578D68301FA60B030055C6BB /* MultipeerCommunicator.swift */; };
		578D68381FA61B740055C6BB /* ConversationListAssembly.swift in Sources */ = {isa = PBXBuildFile; fileRef = 578D68371FA61B740055C6BB /* ConversationListAssembly.swift */; };
		578D683A1FA633300055C6BB /* ConversationListModel.swift in Sources */ = {isa = PBXBuildFile; fileRef = 578D68391FA633300055C6BB /* ConversationListModel.swift */; };
		578D683C1FA6380F0055C6BB /* RootAssembly.swift in Sources */ = {isa = PBXBuildFile; fileRef = 578D683B1FA6380F0055C6BB /* RootAssembly.swift */; };
		578D683E1FA63D340055C6BB /* CommunicationService.swift in Sources */ = {isa = PBXBuildFile; fileRef = 578D683D1FA63D340055C6BB /* CommunicationService.swift */; };
		57A10C8A1F72C9C4005516C4 /* AppDelegate.swift in Sources */ = {isa = PBXBuildFile; fileRef = 57A10C891F72C9C4005516C4 /* AppDelegate.swift */; };
		57A10C8F1F72C9C4005516C4 /* Profile.storyboard in Resources */ = {isa = PBXBuildFile; fileRef = 57A10C8D1F72C9C4005516C4 /* Profile.storyboard */; };
		57A10C911F72C9C4005516C4 /* Assets.xcassets in Resources */ = {isa = PBXBuildFile; fileRef = 57A10C901F72C9C4005516C4 /* Assets.xcassets */; };
		57A10C941F72C9C4005516C4 /* LaunchScreen.storyboard in Resources */ = {isa = PBXBuildFile; fileRef = 57A10C921F72C9C4005516C4 /* LaunchScreen.storyboard */; };
		57A611731FA66A8500502106 /* ConversationAssembly.swift in Sources */ = {isa = PBXBuildFile; fileRef = 57A611721FA66A8500502106 /* ConversationAssembly.swift */; };
		57A611751FA66AA000502106 /* ConvesationModel.swift in Sources */ = {isa = PBXBuildFile; fileRef = 57A611741FA66AA000502106 /* ConvesationModel.swift */; };
		57A611771FA66AB900502106 /* ProfileAssembly.swift in Sources */ = {isa = PBXBuildFile; fileRef = 57A611761FA66AB900502106 /* ProfileAssembly.swift */; };
		57A611791FA66AC500502106 /* ProfileModel.swift in Sources */ = {isa = PBXBuildFile; fileRef = 57A611781FA66AC500502106 /* ProfileModel.swift */; };
		57A6117B1FA66B4700502106 /* ConversationService.swift in Sources */ = {isa = PBXBuildFile; fileRef = 57A6117A1FA66B4700502106 /* ConversationService.swift */; };
		57A6117D1FA66B5500502106 /* ProfileService.swift in Sources */ = {isa = PBXBuildFile; fileRef = 57A6117C1FA66B5500502106 /* ProfileService.swift */; };
		57A6117F1FA6712800502106 /* ConversationStorage.swift in Sources */ = {isa = PBXBuildFile; fileRef = 57A6117E1FA6712800502106 /* ConversationStorage.swift */; };
		57B32F761FA60869007ACC74 /* MessageCell.swift in Sources */ = {isa = PBXBuildFile; fileRef = 57B32F751FA60869007ACC74 /* MessageCell.swift */; };
		57B32F781FA60875007ACC74 /* ConversationsCell.swift in Sources */ = {isa = PBXBuildFile; fileRef = 57B32F771FA60875007ACC74 /* ConversationsCell.swift */; };
		57B32F7B1FA60897007ACC74 /* tChat.json in Resources */ = {isa = PBXBuildFile; fileRef = 57B32F7A1FA60897007ACC74 /* tChat.json */; };
		57B5D88F1F8A1D6200E23CAC /* DateExtension.swift in Sources */ = {isa = PBXBuildFile; fileRef = 57B5D88E1F8A1D6200E23CAC /* DateExtension.swift */; };
		57C57D9A1F7C03DF00379AEA /* Media.xcassets in Resources */ = {isa = PBXBuildFile; fileRef = 57C57D991F7C03DF00379AEA /* Media.xcassets */; };
		57D5C35C1F97B82700B10D55 /* ConversationsList.storyboard in Resources */ = {isa = PBXBuildFile; fileRef = 57D5C35A1F97B82700B10D55 /* ConversationsList.storyboard */; };
		57D6254D1F87B0FB004A5602 /* ConversationsListViewController.swift in Sources */ = {isa = PBXBuildFile; fileRef = 57D6254B1F87B0FB004A5602 /* ConversationsListViewController.swift */; };
		57D6254E1F87B0FB004A5602 /* ProfileViewController.swift in Sources */ = {isa = PBXBuildFile; fileRef = 57D6254C1F87B0FB004A5602 /* ProfileViewController.swift */; };
/* End PBXBuildFile section */

/* Begin PBXFileReference section */
		5716A95C1F937A4C00DCFC8E /* ViewControllerExtension.swift */ = {isa = PBXFileReference; lastKnownFileType = sourcecode.swift; path = ViewControllerExtension.swift; sourceTree = "<group>"; };
		572144C01FA6567200B8D3E0 /* MessageLoader.swift */ = {isa = PBXFileReference; fileEncoding = 4; lastKnownFileType = sourcecode.swift; path = MessageLoader.swift; sourceTree = "<group>"; };
		572144C21FA6568200B8D3E0 /* MessageParser.swift */ = {isa = PBXFileReference; lastKnownFileType = sourcecode.swift; path = MessageParser.swift; sourceTree = "<group>"; };
		572144C41FA6576800B8D3E0 /* MessageMaker.swift */ = {isa = PBXFileReference; lastKnownFileType = sourcecode.swift; path = MessageMaker.swift; sourceTree = "<group>"; };
		572563381F8A250300767457 /* ConversationViewController.swift */ = {isa = PBXFileReference; lastKnownFileType = sourcecode.swift; path = ConversationViewController.swift; sourceTree = "<group>"; };
		5780C9021F9CAADB009BCD51 /* Base */ = {isa = PBXFileReference; lastKnownFileType = file.storyboard; name = Base; path = Base.lproj/ConversationView.storyboard; sourceTree = "<group>"; };
		578D681F1FA609D40055C6BB /* URLExtension.swift */ = {isa = PBXFileReference; fileEncoding = 4; lastKnownFileType = sourcecode.swift; path = URLExtension.swift; sourceTree = "<group>"; };
		578D68221FA60AFC0055C6BB /* GCDDataManager.swift */ = {isa = PBXFileReference; fileEncoding = 4; lastKnownFileType = sourcecode.swift; path = GCDDataManager.swift; sourceTree = "<group>"; };
		578D68231FA60AFC0055C6BB /* OperationDataManager..swift */ = {isa = PBXFileReference; fileEncoding = 4; lastKnownFileType = sourcecode.swift; path = OperationDataManager..swift; sourceTree = "<group>"; };
		578D68241FA60AFC0055C6BB /* ProfileData.swift */ = {isa = PBXFileReference; fileEncoding = 4; lastKnownFileType = sourcecode.swift; path = ProfileData.swift; sourceTree = "<group>"; };
		578D68251FA60AFC0055C6BB /* SaveProfileProtocol.swift */ = {isa = PBXFileReference; fileEncoding = 4; lastKnownFileType = sourcecode.swift; path = SaveProfileProtocol.swift; sourceTree = "<group>"; };
		578D682B1FA60B030055C6BB /* Communicator.swift */ = {isa = PBXFileReference; fileEncoding = 4; lastKnownFileType = sourcecode.swift; path = Communicator.swift; sourceTree = "<group>"; };
		578D682C1FA60B030055C6BB /* ConversationElement.swift */ = {isa = PBXFileReference; fileEncoding = 4; lastKnownFileType = sourcecode.swift; path = ConversationElement.swift; sourceTree = "<group>"; };
		578D682F1FA60B030055C6BB /* MessageElement.swift */ = {isa = PBXFileReference; fileEncoding = 4; lastKnownFileType = sourcecode.swift; path = MessageElement.swift; sourceTree = "<group>"; };
		578D68301FA60B030055C6BB /* MultipeerCommunicator.swift */ = {isa = PBXFileReference; fileEncoding = 4; lastKnownFileType = sourcecode.swift; path = MultipeerCommunicator.swift; sourceTree = "<group>"; };
		578D68371FA61B740055C6BB /* ConversationListAssembly.swift */ = {isa = PBXFileReference; lastKnownFileType = sourcecode.swift; path = ConversationListAssembly.swift; sourceTree = "<group>"; };
		578D68391FA633300055C6BB /* ConversationListModel.swift */ = {isa = PBXFileReference; lastKnownFileType = sourcecode.swift; path = ConversationListModel.swift; sourceTree = "<group>"; };
		578D683B1FA6380F0055C6BB /* RootAssembly.swift */ = {isa = PBXFileReference; lastKnownFileType = sourcecode.swift; path = RootAssembly.swift; sourceTree = "<group>"; };
		578D683D1FA63D340055C6BB /* CommunicationService.swift */ = {isa = PBXFileReference; lastKnownFileType = sourcecode.swift; path = CommunicationService.swift; sourceTree = "<group>"; };
		57A10C861F72C9C4005516C4 /* TinkoffChat.app */ = {isa = PBXFileReference; explicitFileType = wrapper.application; includeInIndex = 0; path = TinkoffChat.app; sourceTree = BUILT_PRODUCTS_DIR; };
		57A10C891F72C9C4005516C4 /* AppDelegate.swift */ = {isa = PBXFileReference; lastKnownFileType = sourcecode.swift; path = AppDelegate.swift; sourceTree = "<group>"; };
		57A10C8E1F72C9C4005516C4 /* Base */ = {isa = PBXFileReference; lastKnownFileType = file.storyboard; name = Base; path = Base.lproj/Profile.storyboard; sourceTree = "<group>"; };
		57A10C901F72C9C4005516C4 /* Assets.xcassets */ = {isa = PBXFileReference; lastKnownFileType = folder.assetcatalog; path = Assets.xcassets; sourceTree = "<group>"; };
		57A10C931F72C9C4005516C4 /* Base */ = {isa = PBXFileReference; lastKnownFileType = file.storyboard; name = Base; path = Base.lproj/LaunchScreen.storyboard; sourceTree = "<group>"; };
		57A10C951F72C9C4005516C4 /* Info.plist */ = {isa = PBXFileReference; lastKnownFileType = text.plist.xml; path = Info.plist; sourceTree = "<group>"; };
		57A611721FA66A8500502106 /* ConversationAssembly.swift */ = {isa = PBXFileReference; lastKnownFileType = sourcecode.swift; path = ConversationAssembly.swift; sourceTree = "<group>"; };
		57A611741FA66AA000502106 /* ConvesationModel.swift */ = {isa = PBXFileReference; lastKnownFileType = sourcecode.swift; path = ConvesationModel.swift; sourceTree = "<group>"; };
		57A611761FA66AB900502106 /* ProfileAssembly.swift */ = {isa = PBXFileReference; lastKnownFileType = sourcecode.swift; path = ProfileAssembly.swift; sourceTree = "<group>"; };
		57A611781FA66AC500502106 /* ProfileModel.swift */ = {isa = PBXFileReference; lastKnownFileType = sourcecode.swift; path = ProfileModel.swift; sourceTree = "<group>"; };
		57A6117A1FA66B4700502106 /* ConversationService.swift */ = {isa = PBXFileReference; lastKnownFileType = sourcecode.swift; path = ConversationService.swift; sourceTree = "<group>"; };
		57A6117C1FA66B5500502106 /* ProfileService.swift */ = {isa = PBXFileReference; lastKnownFileType = sourcecode.swift; path = ProfileService.swift; sourceTree = "<group>"; };
		57A6117E1FA6712800502106 /* ConversationStorage.swift */ = {isa = PBXFileReference; lastKnownFileType = sourcecode.swift; path = ConversationStorage.swift; sourceTree = "<group>"; };
		57B32F751FA60869007ACC74 /* MessageCell.swift */ = {isa = PBXFileReference; fileEncoding = 4; lastKnownFileType = sourcecode.swift; path = MessageCell.swift; sourceTree = "<group>"; };
		57B32F771FA60875007ACC74 /* ConversationsCell.swift */ = {isa = PBXFileReference; fileEncoding = 4; lastKnownFileType = sourcecode.swift; path = ConversationsCell.swift; sourceTree = "<group>"; };
		57B32F7A1FA60897007ACC74 /* tChat.json */ = {isa = PBXFileReference; fileEncoding = 4; lastKnownFileType = text.json; path = tChat.json; sourceTree = "<group>"; };
		57B5D88E1F8A1D6200E23CAC /* DateExtension.swift */ = {isa = PBXFileReference; lastKnownFileType = sourcecode.swift; path = DateExtension.swift; sourceTree = "<group>"; };
		57C57D991F7C03DF00379AEA /* Media.xcassets */ = {isa = PBXFileReference; lastKnownFileType = folder.assetcatalog; path = Media.xcassets; sourceTree = "<group>"; };
		57D5C35B1F97B82700B10D55 /* Base */ = {isa = PBXFileReference; lastKnownFileType = file.storyboard; name = Base; path = Base.lproj/ConversationsList.storyboard; sourceTree = "<group>"; };
		57D6254B1F87B0FB004A5602 /* ConversationsListViewController.swift */ = {isa = PBXFileReference; fileEncoding = 4; lastKnownFileType = sourcecode.swift; path = ConversationsListViewController.swift; sourceTree = "<group>"; };
		57D6254C1F87B0FB004A5602 /* ProfileViewController.swift */ = {isa = PBXFileReference; fileEncoding = 4; lastKnownFileType = sourcecode.swift; path = ProfileViewController.swift; sourceTree = "<group>"; };
/* End PBXFileReference section */

/* Begin PBXFrameworksBuildPhase section */
		57A10C831F72C9C4005516C4 /* Frameworks */ = {
			isa = PBXFrameworksBuildPhase;
			buildActionMask = 2147483647;
			files = (
			);
			runOnlyForDeploymentPostprocessing = 0;
		};
/* End PBXFrameworksBuildPhase section */

/* Begin PBXGroup section */
		572144BF1FA6567200B8D3E0 /* MessageLoader */ = {
			isa = PBXGroup;
			children = (
				572144C01FA6567200B8D3E0 /* MessageLoader.swift */,
				572144C21FA6568200B8D3E0 /* MessageParser.swift */,
				572144C41FA6576800B8D3E0 /* MessageMaker.swift */,
			);
			path = MessageLoader;
			sourceTree = "<group>";
		};
		578D681E1FA609D40055C6BB /* Extensions */ = {
			isa = PBXGroup;
			children = (
				578D681F1FA609D40055C6BB /* URLExtension.swift */,
			);
			path = Extensions;
			sourceTree = "<group>";
		};
		578D68211FA60AFC0055C6BB /* DataStorage */ = {
			isa = PBXGroup;
			children = (
				57EB1C331FA79626004FBC02 /* Conversation */,
				57A611801FA6716B00502106 /* Entity */,
				578D68221FA60AFC0055C6BB /* GCDDataManager.swift */,
				578D68231FA60AFC0055C6BB /* OperationDataManager..swift */,
				578D68251FA60AFC0055C6BB /* SaveProfileProtocol.swift */,
			);
			path = DataStorage;
			sourceTree = "<group>";
		};
		578D682A1FA60B030055C6BB /* Multipeer */ = {
			isa = PBXGroup;
			children = (
				572144BF1FA6567200B8D3E0 /* MessageLoader */,
				578D682B1FA60B030055C6BB /* Communicator.swift */,
				578D68301FA60B030055C6BB /* MultipeerCommunicator.swift */,
			);
			path = Multipeer;
			sourceTree = "<group>";
		};
		57A10C7D1F72C9C4005516C4 = {
			isa = PBXGroup;
			children = (
				57A10C881F72C9C4005516C4 /* TinkoffChat */,
				57A10C871F72C9C4005516C4 /* Products */,
			);
			sourceTree = "<group>";
		};
		57A10C871F72C9C4005516C4 /* Products */ = {
			isa = PBXGroup;
			children = (
				57A10C861F72C9C4005516C4 /* TinkoffChat.app */,
			);
			name = Products;
			sourceTree = "<group>";
		};
		57A10C881F72C9C4005516C4 /* TinkoffChat */ = {
			isa = PBXGroup;
			children = (
				57B32F6C1FA6062B007ACC74 /* PresentationLayer */,
				57B32F6E1FA606A3007ACC74 /* ServiceLayer */,
				57B32F6D1FA60691007ACC74 /* CoreLayer */,
				578D683B1FA6380F0055C6BB /* RootAssembly.swift */,
				57A10C891F72C9C4005516C4 /* AppDelegate.swift */,
				57A10C9D1F72D1AC005516C4 /* UI */,
				57A10C951F72C9C4005516C4 /* Info.plist */,
				57B32F791FA60897007ACC74 /* Files */,
			);
			path = TinkoffChat;
			sourceTree = "<group>";
		};
		57A10C9D1F72D1AC005516C4 /* UI */ = {
			isa = PBXGroup;
			children = (
				57C57D991F7C03DF00379AEA /* Media.xcassets */,
				57A10C901F72C9C4005516C4 /* Assets.xcassets */,
				57A10C921F72C9C4005516C4 /* LaunchScreen.storyboard */,
			);
			name = UI;
			sourceTree = "<group>";
		};
		57A611801FA6716B00502106 /* Entity */ = {
			isa = PBXGroup;
			children = (
				578D682C1FA60B030055C6BB /* ConversationElement.swift */,
				578D682F1FA60B030055C6BB /* MessageElement.swift */,
				578D68241FA60AFC0055C6BB /* ProfileData.swift */,
			);
			path = Entity;
			sourceTree = "<group>";
		};
		57B32F6C1FA6062B007ACC74 /* PresentationLayer */ = {
			isa = PBXGroup;
			children = (
				57B32F7C1FA6096B007ACC74 /* Extensions */,
				57B32F721FA607B5007ACC74 /* Modules */,
			);
			path = PresentationLayer;
			sourceTree = "<group>";
		};
		57B32F6D1FA60691007ACC74 /* CoreLayer */ = {
			isa = PBXGroup;
			children = (
				578D682A1FA60B030055C6BB /* Multipeer */,
				578D68211FA60AFC0055C6BB /* DataStorage */,
				578D681E1FA609D40055C6BB /* Extensions */,
			);
			path = CoreLayer;
			sourceTree = "<group>";
		};
		57B32F6E1FA606A3007ACC74 /* ServiceLayer */ = {
			isa = PBXGroup;
			children = (
				578D683D1FA63D340055C6BB /* CommunicationService.swift */,
				57A6117A1FA66B4700502106 /* ConversationService.swift */,
				57A6117C1FA66B5500502106 /* ProfileService.swift */,
			);
			path = ServiceLayer;
			sourceTree = "<group>";
		};
		57B32F6F1FA606E5007ACC74 /* ConversationList */ = {
			isa = PBXGroup;
			children = (
				57B32F741FA60829007ACC74 /* Views */,
				578D68391FA633300055C6BB /* ConversationListModel.swift */,
				578D68371FA61B740055C6BB /* ConversationListAssembly.swift */,
				57D6254B1F87B0FB004A5602 /* ConversationsListViewController.swift */,
				57D5C35A1F97B82700B10D55 /* ConversationsList.storyboard */,
			);
			path = ConversationList;
			sourceTree = "<group>";
		};
		57B32F701FA606F7007ACC74 /* ConversationView */ = {
			isa = PBXGroup;
			children = (
				57B32F731FA60811007ACC74 /* Views */,
				572563381F8A250300767457 /* ConversationViewController.swift */,
				5780C9011F9CAADB009BCD51 /* ConversationView.storyboard */,
				57A611721FA66A8500502106 /* ConversationAssembly.swift */,
				57A611741FA66AA000502106 /* ConvesationModel.swift */,
			);
			path = ConversationView;
			sourceTree = "<group>";
		};
		57B32F711FA60707007ACC74 /* Profile */ = {
			isa = PBXGroup;
			children = (
				57D6254C1F87B0FB004A5602 /* ProfileViewController.swift */,
				57A10C8D1F72C9C4005516C4 /* Profile.storyboard */,
				57A611761FA66AB900502106 /* ProfileAssembly.swift */,
				57A611781FA66AC500502106 /* ProfileModel.swift */,
			);
			path = Profile;
			sourceTree = "<group>";
		};
		57B32F721FA607B5007ACC74 /* Modules */ = {
			isa = PBXGroup;
			children = (
				57B32F6F1FA606E5007ACC74 /* ConversationList */,
				57B32F701FA606F7007ACC74 /* ConversationView */,
				57B32F711FA60707007ACC74 /* Profile */,
			);
			path = Modules;
			sourceTree = "<group>";
		};
		57B32F731FA60811007ACC74 /* Views */ = {
			isa = PBXGroup;
			children = (
				57B32F751FA60869007ACC74 /* MessageCell.swift */,
			);
			name = Views;
			sourceTree = "<group>";
		};
		57B32F741FA60829007ACC74 /* Views */ = {
			isa = PBXGroup;
			children = (
				57B32F771FA60875007ACC74 /* ConversationsCell.swift */,
			);
			name = Views;
			sourceTree = "<group>";
		};
		57B32F791FA60897007ACC74 /* Files */ = {
			isa = PBXGroup;
			children = (
				57B32F7A1FA60897007ACC74 /* tChat.json */,
			);
			path = Files;
			sourceTree = "<group>";
		};
		57B32F7C1FA6096B007ACC74 /* Extensions */ = {
			isa = PBXGroup;
			children = (
				5716A95C1F937A4C00DCFC8E /* ViewControllerExtension.swift */,
				57B5D88E1F8A1D6200E23CAC /* DateExtension.swift */,
			);
			path = Extensions;
			sourceTree = "<group>";
		};
		57EB1C331FA79626004FBC02 /* Conversation */ = {
			isa = PBXGroup;
			children = (
				57A6117E1FA6712800502106 /* ConversationStorage.swift */,
			);
			path = Conversation;
			sourceTree = "<group>";
		};
/* End PBXGroup section */

/* Begin PBXNativeTarget section */
		57A10C851F72C9C4005516C4 /* TinkoffChat */ = {
			isa = PBXNativeTarget;
			buildConfigurationList = 57A10C981F72C9C4005516C4 /* Build configuration list for PBXNativeTarget "TinkoffChat" */;
			buildPhases = (
				57A10C821F72C9C4005516C4 /* Sources */,
				57A10C831F72C9C4005516C4 /* Frameworks */,
				57A10C841F72C9C4005516C4 /* Resources */,
			);
			buildRules = (
			);
			dependencies = (
			);
			name = TinkoffChat;
			productName = TinkoffChat;
			productReference = 57A10C861F72C9C4005516C4 /* TinkoffChat.app */;
			productType = "com.apple.product-type.application";
		};
/* End PBXNativeTarget section */

/* Begin PBXProject section */
		57A10C7E1F72C9C4005516C4 /* Project object */ = {
			isa = PBXProject;
			attributes = {
				LastSwiftUpdateCheck = 0830;
				LastUpgradeCheck = 0900;
				ORGANIZATIONNAME = AB;
				TargetAttributes = {
					57A10C851F72C9C4005516C4 = {
						CreatedOnToolsVersion = 8.3.3;
						LastSwiftMigration = 0900;
						ProvisioningStyle = Manual;
					};
				};
			};
			buildConfigurationList = 57A10C811F72C9C4005516C4 /* Build configuration list for PBXProject "TinkoffChat" */;
			compatibilityVersion = "Xcode 3.2";
			developmentRegion = English;
			hasScannedForEncodings = 0;
			knownRegions = (
				en,
				Base,
			);
			mainGroup = 57A10C7D1F72C9C4005516C4;
			productRefGroup = 57A10C871F72C9C4005516C4 /* Products */;
			projectDirPath = "";
			projectRoot = "";
			targets = (
				57A10C851F72C9C4005516C4 /* TinkoffChat */,
			);
		};
/* End PBXProject section */

/* Begin PBXResourcesBuildPhase section */
		57A10C841F72C9C4005516C4 /* Resources */ = {
			isa = PBXResourcesBuildPhase;
			buildActionMask = 2147483647;
			files = (
				5780C9031F9CAADB009BCD51 /* ConversationView.storyboard in Resources */,
				57A10C941F72C9C4005516C4 /* LaunchScreen.storyboard in Resources */,
				57B32F7B1FA60897007ACC74 /* tChat.json in Resources */,
				57A10C911F72C9C4005516C4 /* Assets.xcassets in Resources */,
				57D5C35C1F97B82700B10D55 /* ConversationsList.storyboard in Resources */,
				57C57D9A1F7C03DF00379AEA /* Media.xcassets in Resources */,
				57A10C8F1F72C9C4005516C4 /* Profile.storyboard in Resources */,
			);
			runOnlyForDeploymentPostprocessing = 0;
		};
/* End PBXResourcesBuildPhase section */

/* Begin PBXSourcesBuildPhase section */
		57A10C821F72C9C4005516C4 /* Sources */ = {
			isa = PBXSourcesBuildPhase;
			buildActionMask = 2147483647;
			files = (
				578D68321FA60B030055C6BB /* ConversationElement.swift in Sources */,
				578D683C1FA6380F0055C6BB /* RootAssembly.swift in Sources */,
				572144C11FA6567200B8D3E0 /* MessageLoader.swift in Sources */,
				572563391F8A250300767457 /* ConversationViewController.swift in Sources */,
				57A6117F1FA6712800502106 /* ConversationStorage.swift in Sources */,
				578D683A1FA633300055C6BB /* ConversationListModel.swift in Sources */,
				578D68351FA60B030055C6BB /* MessageElement.swift in Sources */,
				578D68201FA609D40055C6BB /* URLExtension.swift in Sources */,
				578D68381FA61B740055C6BB /* ConversationListAssembly.swift in Sources */,
				572144C31FA6568200B8D3E0 /* MessageParser.swift in Sources */,
				57A611791FA66AC500502106 /* ProfileModel.swift in Sources */,
				578D68311FA60B030055C6BB /* Communicator.swift in Sources */,
				57A6117D1FA66B5500502106 /* ProfileService.swift in Sources */,
				57A611731FA66A8500502106 /* ConversationAssembly.swift in Sources */,
				578D683E1FA63D340055C6BB /* CommunicationService.swift in Sources */,
				578D68261FA60AFC0055C6BB /* GCDDataManager.swift in Sources */,
				57A6117B1FA66B4700502106 /* ConversationService.swift in Sources */,
				5716A95D1F937A4C00DCFC8E /* ViewControllerExtension.swift in Sources */,
				578D68271FA60AFC0055C6BB /* OperationDataManager..swift in Sources */,
				572144C51FA6576800B8D3E0 /* MessageMaker.swift in Sources */,
				57D6254E1F87B0FB004A5602 /* ProfileViewController.swift in Sources */,
				57A611771FA66AB900502106 /* ProfileAssembly.swift in Sources */,
				57B5D88F1F8A1D6200E23CAC /* DateExtension.swift in Sources */,
				578D68361FA60B030055C6BB /* MultipeerCommunicator.swift in Sources */,
				57B32F761FA60869007ACC74 /* MessageCell.swift in Sources */,
				578D68291FA60AFC0055C6BB /* SaveProfileProtocol.swift in Sources */,
				57B32F781FA60875007ACC74 /* ConversationsCell.swift in Sources */,
				57A10C8A1F72C9C4005516C4 /* AppDelegate.swift in Sources */,
				57D6254D1F87B0FB004A5602 /* ConversationsListViewController.swift in Sources */,
				578D68281FA60AFC0055C6BB /* ProfileData.swift in Sources */,
				57A611751FA66AA000502106 /* ConvesationModel.swift in Sources */,
			);
			runOnlyForDeploymentPostprocessing = 0;
		};
/* End PBXSourcesBuildPhase section */

/* Begin PBXVariantGroup section */
		5780C9011F9CAADB009BCD51 /* ConversationView.storyboard */ = {
			isa = PBXVariantGroup;
			children = (
				5780C9021F9CAADB009BCD51 /* Base */,
			);
			name = ConversationView.storyboard;
			sourceTree = "<group>";
		};
		57A10C8D1F72C9C4005516C4 /* Profile.storyboard */ = {
			isa = PBXVariantGroup;
			children = (
				57A10C8E1F72C9C4005516C4 /* Base */,
			);
			name = Profile.storyboard;
			sourceTree = "<group>";
		};
		57A10C921F72C9C4005516C4 /* LaunchScreen.storyboard */ = {
			isa = PBXVariantGroup;
			children = (
				57A10C931F72C9C4005516C4 /* Base */,
			);
			name = LaunchScreen.storyboard;
			sourceTree = "<group>";
		};
		57D5C35A1F97B82700B10D55 /* ConversationsList.storyboard */ = {
			isa = PBXVariantGroup;
			children = (
				57D5C35B1F97B82700B10D55 /* Base */,
			);
			name = ConversationsList.storyboard;
			sourceTree = "<group>";
		};
/* End PBXVariantGroup section */

/* Begin XCBuildConfiguration section */
		57A10C961F72C9C4005516C4 /* Debug */ = {
			isa = XCBuildConfiguration;
			buildSettings = {
				ALWAYS_SEARCH_USER_PATHS = NO;
				CLANG_ANALYZER_NONNULL = YES;
				CLANG_ANALYZER_NUMBER_OBJECT_CONVERSION = YES_AGGRESSIVE;
				CLANG_CXX_LANGUAGE_STANDARD = "gnu++0x";
				CLANG_CXX_LIBRARY = "libc++";
				CLANG_ENABLE_MODULES = YES;
				CLANG_ENABLE_OBJC_ARC = YES;
				CLANG_WARN_BLOCK_CAPTURE_AUTORELEASING = YES;
				CLANG_WARN_BOOL_CONVERSION = YES;
				CLANG_WARN_COMMA = YES;
				CLANG_WARN_CONSTANT_CONVERSION = YES;
				CLANG_WARN_DIRECT_OBJC_ISA_USAGE = YES_ERROR;
				CLANG_WARN_DOCUMENTATION_COMMENTS = YES;
				CLANG_WARN_EMPTY_BODY = YES;
				CLANG_WARN_ENUM_CONVERSION = YES;
				CLANG_WARN_INFINITE_RECURSION = YES;
				CLANG_WARN_INT_CONVERSION = YES;
				CLANG_WARN_NON_LITERAL_NULL_CONVERSION = YES;
				CLANG_WARN_OBJC_LITERAL_CONVERSION = YES;
				CLANG_WARN_OBJC_ROOT_CLASS = YES_ERROR;
				CLANG_WARN_RANGE_LOOP_ANALYSIS = YES;
				CLANG_WARN_STRICT_PROTOTYPES = YES;
				CLANG_WARN_SUSPICIOUS_MOVE = YES;
				CLANG_WARN_UNREACHABLE_CODE = YES;
				CLANG_WARN__DUPLICATE_METHOD_MATCH = YES;
				"CODE_SIGN_IDENTITY[sdk=iphoneos*]" = "iPhone Developer";
				COPY_PHASE_STRIP = NO;
				DEBUG_INFORMATION_FORMAT = dwarf;
				ENABLE_STRICT_OBJC_MSGSEND = YES;
				ENABLE_TESTABILITY = YES;
				GCC_C_LANGUAGE_STANDARD = gnu99;
				GCC_DYNAMIC_NO_PIC = NO;
				GCC_NO_COMMON_BLOCKS = YES;
				GCC_OPTIMIZATION_LEVEL = 0;
				GCC_PREPROCESSOR_DEFINITIONS = (
					"DEBUG=1",
					"$(inherited)",
				);
				GCC_WARN_64_TO_32_BIT_CONVERSION = YES;
				GCC_WARN_ABOUT_RETURN_TYPE = YES_ERROR;
				GCC_WARN_UNDECLARED_SELECTOR = YES;
				GCC_WARN_UNINITIALIZED_AUTOS = YES_AGGRESSIVE;
				GCC_WARN_UNUSED_FUNCTION = YES;
				GCC_WARN_UNUSED_VARIABLE = YES;
				IPHONEOS_DEPLOYMENT_TARGET = 10.1;
				MTL_ENABLE_DEBUG_INFO = YES;
				ONLY_ACTIVE_ARCH = YES;
				SDKROOT = iphoneos;
				SWIFT_ACTIVE_COMPILATION_CONDITIONS = DEBUG;
				SWIFT_OPTIMIZATION_LEVEL = "-Onone";
				SWIFT_SWIFT3_OBJC_INFERENCE = Default;
			};
			name = Debug;
		};
		57A10C971F72C9C4005516C4 /* Release */ = {
			isa = XCBuildConfiguration;
			buildSettings = {
				ALWAYS_SEARCH_USER_PATHS = NO;
				CLANG_ANALYZER_NONNULL = YES;
				CLANG_ANALYZER_NUMBER_OBJECT_CONVERSION = YES_AGGRESSIVE;
				CLANG_CXX_LANGUAGE_STANDARD = "gnu++0x";
				CLANG_CXX_LIBRARY = "libc++";
				CLANG_ENABLE_MODULES = YES;
				CLANG_ENABLE_OBJC_ARC = YES;
				CLANG_WARN_BLOCK_CAPTURE_AUTORELEASING = YES;
				CLANG_WARN_BOOL_CONVERSION = YES;
				CLANG_WARN_COMMA = YES;
				CLANG_WARN_CONSTANT_CONVERSION = YES;
				CLANG_WARN_DIRECT_OBJC_ISA_USAGE = YES_ERROR;
				CLANG_WARN_DOCUMENTATION_COMMENTS = YES;
				CLANG_WARN_EMPTY_BODY = YES;
				CLANG_WARN_ENUM_CONVERSION = YES;
				CLANG_WARN_INFINITE_RECURSION = YES;
				CLANG_WARN_INT_CONVERSION = YES;
				CLANG_WARN_NON_LITERAL_NULL_CONVERSION = YES;
				CLANG_WARN_OBJC_LITERAL_CONVERSION = YES;
				CLANG_WARN_OBJC_ROOT_CLASS = YES_ERROR;
				CLANG_WARN_RANGE_LOOP_ANALYSIS = YES;
				CLANG_WARN_STRICT_PROTOTYPES = YES;
				CLANG_WARN_SUSPICIOUS_MOVE = YES;
				CLANG_WARN_UNREACHABLE_CODE = YES;
				CLANG_WARN__DUPLICATE_METHOD_MATCH = YES;
				"CODE_SIGN_IDENTITY[sdk=iphoneos*]" = "iPhone Developer";
				COPY_PHASE_STRIP = NO;
				DEBUG_INFORMATION_FORMAT = "dwarf-with-dsym";
				ENABLE_NS_ASSERTIONS = NO;
				ENABLE_STRICT_OBJC_MSGSEND = YES;
				GCC_C_LANGUAGE_STANDARD = gnu99;
				GCC_NO_COMMON_BLOCKS = YES;
				GCC_WARN_64_TO_32_BIT_CONVERSION = YES;
				GCC_WARN_ABOUT_RETURN_TYPE = YES_ERROR;
				GCC_WARN_UNDECLARED_SELECTOR = YES;
				GCC_WARN_UNINITIALIZED_AUTOS = YES_AGGRESSIVE;
				GCC_WARN_UNUSED_FUNCTION = YES;
				GCC_WARN_UNUSED_VARIABLE = YES;
				IPHONEOS_DEPLOYMENT_TARGET = 10.1;
				MTL_ENABLE_DEBUG_INFO = NO;
				SDKROOT = iphoneos;
				SWIFT_OPTIMIZATION_LEVEL = "-Owholemodule";
				SWIFT_SWIFT3_OBJC_INFERENCE = Default;
				VALIDATE_PRODUCT = YES;
			};
			name = Release;
		};
		57A10C991F72C9C4005516C4 /* Debug */ = {
			isa = XCBuildConfiguration;
			buildSettings = {
				ASSETCATALOG_COMPILER_APPICON_NAME = AppIcon;
				"CODE_SIGN_IDENTITY[sdk=iphoneos*]" = "iPhone Developer";
				CODE_SIGN_STYLE = Manual;
				DEVELOPMENT_TEAM = "";
				INFOPLIST_FILE = TinkoffChat/Info.plist;
				LD_RUNPATH_SEARCH_PATHS = "$(inherited) @executable_path/Frameworks";
				PRODUCT_BUNDLE_IDENTIFIER = com.alelena.TinkoffChat;
				PRODUCT_NAME = "$(TARGET_NAME)";
				PROVISIONING_PROFILE = "";
				PROVISIONING_PROFILE_SPECIFIER = "";
				SWIFT_SWIFT3_OBJC_INFERENCE = Default;
				SWIFT_VERSION = 4.0;
			};
			name = Debug;
		};
		57A10C9A1F72C9C4005516C4 /* Release */ = {
			isa = XCBuildConfiguration;
			buildSettings = {
				ASSETCATALOG_COMPILER_APPICON_NAME = AppIcon;
				"CODE_SIGN_IDENTITY[sdk=iphoneos*]" = "iPhone Developer";
				CODE_SIGN_STYLE = Manual;
				DEVELOPMENT_TEAM = "";
				INFOPLIST_FILE = TinkoffChat/Info.plist;
				LD_RUNPATH_SEARCH_PATHS = "$(inherited) @executable_path/Frameworks";
				PRODUCT_BUNDLE_IDENTIFIER = com.alelena.TinkoffChat;
				PRODUCT_NAME = "$(TARGET_NAME)";
				PROVISIONING_PROFILE_SPECIFIER = "";
				SWIFT_SWIFT3_OBJC_INFERENCE = Default;
				SWIFT_VERSION = 4.0;
			};
			name = Release;
		};
/* End XCBuildConfiguration section */

/* Begin XCConfigurationList section */
		57A10C811F72C9C4005516C4 /* Build configuration list for PBXProject "TinkoffChat" */ = {
			isa = XCConfigurationList;
			buildConfigurations = (
				57A10C961F72C9C4005516C4 /* Debug */,
				57A10C971F72C9C4005516C4 /* Release */,
			);
			defaultConfigurationIsVisible = 0;
			defaultConfigurationName = Release;
		};
		57A10C981F72C9C4005516C4 /* Build configuration list for PBXNativeTarget "TinkoffChat" */ = {
			isa = XCConfigurationList;
			buildConfigurations = (
				57A10C991F72C9C4005516C4 /* Debug */,
				57A10C9A1F72C9C4005516C4 /* Release */,
			);
			defaultConfigurationIsVisible = 0;
			defaultConfigurationName = Release;
		};
/* End XCConfigurationList section */
	};
	rootObject = 57A10C7E1F72C9C4005516C4 /* Project object */;
}
